// !$*UTF8*$!
{
	archiveVersion = 1;
	classes = {
	};
	objectVersion = 46;
	objects = {

/* Begin PBXBuildFile section */
		D6010A4F1CB81BD500A3B426 /* IOKit.framework in Frameworks */ = {isa = PBXBuildFile; fileRef = D6010A4D1CB81BD500A3B426 /* IOKit.framework */; };
		D6010A501CB81BD500A3B426 /* CoreVideo.framework in Frameworks */ = {isa = PBXBuildFile; fileRef = D6010A4E1CB81BD500A3B426 /* CoreVideo.framework */; };
		D6010A581CB81BE200A3B426 /* GLUT.framework in Frameworks */ = {isa = PBXBuildFile; fileRef = D6010A511CB81BE200A3B426 /* GLUT.framework */; };
		D6010A591CB81BE200A3B426 /* OpenGL.framework in Frameworks */ = {isa = PBXBuildFile; fileRef = D6010A521CB81BE200A3B426 /* OpenGL.framework */; };
		D6010A5A1CB81BE200A3B426 /* Carbon.framework in Frameworks */ = {isa = PBXBuildFile; fileRef = D6010A531CB81BE200A3B426 /* Carbon.framework */; };
		D6010A5B1CB81BE200A3B426 /* Cocoa.framework in Frameworks */ = {isa = PBXBuildFile; fileRef = D6010A541CB81BE200A3B426 /* Cocoa.framework */; };
		D6010A5C1CB81BE200A3B426 /* AGL.framework in Frameworks */ = {isa = PBXBuildFile; fileRef = D6010A551CB81BE200A3B426 /* AGL.framework */; };
		D6010A5D1CB81BE200A3B426 /* AppKit.framework in Frameworks */ = {isa = PBXBuildFile; fileRef = D6010A561CB81BE200A3B426 /* AppKit.framework */; };
		D6010A5E1CB81BE200A3B426 /* QTKit.framework in Frameworks */ = {isa = PBXBuildFile; fileRef = D6010A571CB81BE200A3B426 /* QTKit.framework */; };
		D6218AB31D142A1400481B0F /* pyrepl.cpp in Sources */ = {isa = PBXBuildFile; fileRef = D6218AB11D142A1400481B0F /* pyrepl.cpp */; };
		D6218AB51D142B4000481B0F /* Python.framework in Frameworks */ = {isa = PBXBuildFile; fileRef = D6218AB41D142B4000481B0F /* Python.framework */; };
		D6218ADB1D14680300481B0F /* app_wrap.cxx in Sources */ = {isa = PBXBuildFile; fileRef = D6218AD91D14680300481B0F /* app_wrap.cxx */; };
		D6218ADF1D159D9500481B0F /* CoreFoundation.framework in Frameworks */ = {isa = PBXBuildFile; fileRef = D6218ADE1D159D9500481B0F /* CoreFoundation.framework */; };
		D622391D1CB9681D0029BA45 /* main.cpp in Sources */ = {isa = PBXBuildFile; fileRef = D622391C1CB9681D0029BA45 /* main.cpp */; };
/* End PBXBuildFile section */

/* Begin PBXCopyFilesBuildPhase section */
		D60109FC1CB81B2100A3B426 /* Copy Files */ = {
			isa = PBXCopyFilesBuildPhase;
			buildActionMask = 8;
			dstPath = ./bin;
			dstSubfolderSpec = 0;
			files = (
			);
			name = "Copy Files";
			runOnlyForDeploymentPostprocessing = 1;
		};
/* End PBXCopyFilesBuildPhase section */

/* Begin PBXFileReference section */
		D60109FE1CB81B2100A3B426 /* pycm_sandbox_gl */ = {isa = PBXFileReference; explicitFileType = "compiled.mach-o.executable"; includeInIndex = 0; path = pycm_sandbox_gl; sourceTree = BUILT_PRODUCTS_DIR; };
		D6010A4D1CB81BD500A3B426 /* IOKit.framework */ = {isa = PBXFileReference; lastKnownFileType = wrapper.framework; name = IOKit.framework; path = System/Library/Frameworks/IOKit.framework; sourceTree = SDKROOT; };
		D6010A4E1CB81BD500A3B426 /* CoreVideo.framework */ = {isa = PBXFileReference; lastKnownFileType = wrapper.framework; name = CoreVideo.framework; path = System/Library/Frameworks/CoreVideo.framework; sourceTree = SDKROOT; };
		D6010A511CB81BE200A3B426 /* GLUT.framework */ = {isa = PBXFileReference; lastKnownFileType = wrapper.framework; name = GLUT.framework; path = System/Library/Frameworks/GLUT.framework; sourceTree = SDKROOT; };
		D6010A521CB81BE200A3B426 /* OpenGL.framework */ = {isa = PBXFileReference; lastKnownFileType = wrapper.framework; name = OpenGL.framework; path = System/Library/Frameworks/OpenGL.framework; sourceTree = SDKROOT; };
		D6010A531CB81BE200A3B426 /* Carbon.framework */ = {isa = PBXFileReference; lastKnownFileType = wrapper.framework; name = Carbon.framework; path = System/Library/Frameworks/Carbon.framework; sourceTree = SDKROOT; };
		D6010A541CB81BE200A3B426 /* Cocoa.framework */ = {isa = PBXFileReference; lastKnownFileType = wrapper.framework; name = Cocoa.framework; path = System/Library/Frameworks/Cocoa.framework; sourceTree = SDKROOT; };
		D6010A551CB81BE200A3B426 /* AGL.framework */ = {isa = PBXFileReference; lastKnownFileType = wrapper.framework; name = AGL.framework; path = System/Library/Frameworks/AGL.framework; sourceTree = SDKROOT; };
		D6010A561CB81BE200A3B426 /* AppKit.framework */ = {isa = PBXFileReference; lastKnownFileType = wrapper.framework; name = AppKit.framework; path = System/Library/Frameworks/AppKit.framework; sourceTree = SDKROOT; };
		D6010A571CB81BE200A3B426 /* QTKit.framework */ = {isa = PBXFileReference; lastKnownFileType = wrapper.framework; name = QTKit.framework; path = System/Library/Frameworks/QTKit.framework; sourceTree = SDKROOT; };
		D6218AB11D142A1400481B0F /* pyrepl.cpp */ = {isa = PBXFileReference; fileEncoding = 4; lastKnownFileType = sourcecode.cpp.cpp; path = pyrepl.cpp; sourceTree = "<group>"; };
		D6218AB21D142A1400481B0F /* pyrepl.h */ = {isa = PBXFileReference; fileEncoding = 4; lastKnownFileType = sourcecode.c.h; path = pyrepl.h; sourceTree = "<group>"; };
		D6218AB41D142B4000481B0F /* Python.framework */ = {isa = PBXFileReference; lastKnownFileType = wrapper.framework; name = Python.framework; path = ../../../../../usr/local/Frameworks/Python.framework; sourceTree = "<group>"; };
		D6218AD91D14680300481B0F /* app_wrap.cxx */ = {isa = PBXFileReference; fileEncoding = 4; lastKnownFileType = sourcecode.cpp.cpp; path = app_wrap.cxx; sourceTree = "<group>"; };
		D6218ADA1D14680300481B0F /* app_wrap.h */ = {isa = PBXFileReference; fileEncoding = 4; lastKnownFileType = sourcecode.c.h; path = app_wrap.h; sourceTree = "<group>"; };
		D6218ADC1D14BD8100481B0F /* app.h */ = {isa = PBXFileReference; fileEncoding = 4; lastKnownFileType = sourcecode.c.h; path = app.h; sourceTree = "<group>"; };
		D6218ADD1D14BF3C00481B0F /* console.h */ = {isa = PBXFileReference; lastKnownFileType = sourcecode.c.h; path = console.h; sourceTree = "<group>"; };
		D6218ADE1D159D9500481B0F /* CoreFoundation.framework */ = {isa = PBXFileReference; lastKnownFileType = wrapper.framework; name = CoreFoundation.framework; path = System/Library/Frameworks/CoreFoundation.framework; sourceTree = SDKROOT; };
		D622391C1CB9681D0029BA45 /* main.cpp */ = {isa = PBXFileReference; fileEncoding = 4; lastKnownFileType = sourcecode.cpp.cpp; path = main.cpp; sourceTree = "<group>"; };
		D6FC4EA71D65048B0068EDAC /* modulePaths.txt */ = {isa = PBXFileReference; fileEncoding = 4; lastKnownFileType = text; name = modulePaths.txt; path = bin/modulePaths.txt; sourceTree = "<group>"; };
/* End PBXFileReference section */

/* Begin PBXFrameworksBuildPhase section */
		D60109FB1CB81B2100A3B426 /* Frameworks */ = {
			isa = PBXFrameworksBuildPhase;
			buildActionMask = 2147483647;
			files = (
				D6218ADF1D159D9500481B0F /* CoreFoundation.framework in Frameworks */,
				D6010A5B1CB81BE200A3B426 /* Cocoa.framework in Frameworks */,
				D6010A5A1CB81BE200A3B426 /* Carbon.framework in Frameworks */,
				D6218AB51D142B4000481B0F /* Python.framework in Frameworks */,
				D6010A4F1CB81BD500A3B426 /* IOKit.framework in Frameworks */,
				D6010A5C1CB81BE200A3B426 /* AGL.framework in Frameworks */,
				D6010A5E1CB81BE200A3B426 /* QTKit.framework in Frameworks */,
				D6010A581CB81BE200A3B426 /* GLUT.framework in Frameworks */,
				D6010A5D1CB81BE200A3B426 /* AppKit.framework in Frameworks */,
				D6010A501CB81BD500A3B426 /* CoreVideo.framework in Frameworks */,
				D6010A591CB81BE200A3B426 /* OpenGL.framework in Frameworks */,
			);
			runOnlyForDeploymentPostprocessing = 0;
		};
/* End PBXFrameworksBuildPhase section */

/* Begin PBXGroup section */
		D60109F51CB81B2100A3B426 = {
			isa = PBXGroup;
			children = (
				D622391E1CB968230029BA45 /* src */,
				D6010A4C1CB81BBE00A3B426 /* frameworks */,
				D60109FF1CB81B2100A3B426 /* Products */,
			);
			sourceTree = "<group>";
		};
		D60109FF1CB81B2100A3B426 /* Products */ = {
			isa = PBXGroup;
			children = (
				D60109FE1CB81B2100A3B426 /* pycm_sandbox_gl */,
			);
			name = Products;
			sourceTree = "<group>";
		};
		D6010A4C1CB81BBE00A3B426 /* frameworks */ = {
			isa = PBXGroup;
			children = (
				D6218ADE1D159D9500481B0F /* CoreFoundation.framework */,
				D6218AB41D142B4000481B0F /* Python.framework */,
				D6010A511CB81BE200A3B426 /* GLUT.framework */,
				D6010A521CB81BE200A3B426 /* OpenGL.framework */,
				D6010A531CB81BE200A3B426 /* Carbon.framework */,
				D6010A541CB81BE200A3B426 /* Cocoa.framework */,
				D6010A551CB81BE200A3B426 /* AGL.framework */,
				D6010A561CB81BE200A3B426 /* AppKit.framework */,
				D6010A571CB81BE200A3B426 /* QTKit.framework */,
				D6010A4D1CB81BD500A3B426 /* IOKit.framework */,
				D6010A4E1CB81BD500A3B426 /* CoreVideo.framework */,
			);
			name = frameworks;
			sourceTree = "<group>";
		};
		D622391E1CB968230029BA45 /* src */ = {
			isa = PBXGroup;
			children = (
				D6FC4EA71D65048B0068EDAC /* modulePaths.txt */,
				D6218ADC1D14BD8100481B0F /* app.h */,
				D6218AD91D14680300481B0F /* app_wrap.cxx */,
				D6218ADA1D14680300481B0F /* app_wrap.h */,
				D6218AB11D142A1400481B0F /* pyrepl.cpp */,
				D6218AB21D142A1400481B0F /* pyrepl.h */,
				D622391C1CB9681D0029BA45 /* main.cpp */,
				D6218ADD1D14BF3C00481B0F /* console.h */,
			);
			name = src;
			sourceTree = "<group>";
		};
/* End PBXGroup section */

/* Begin PBXNativeTarget section */
		D60109FD1CB81B2100A3B426 /* pycm_sandbox_gl */ = {
			isa = PBXNativeTarget;
			buildConfigurationList = D6010A051CB81B2100A3B426 /* Build configuration list for PBXNativeTarget "pycm_sandbox_gl" */;
			buildPhases = (
				D60109FA1CB81B2100A3B426 /* Sources */,
				D60109FB1CB81B2100A3B426 /* Frameworks */,
				D60109FC1CB81B2100A3B426 /* Copy Files */,
				D69E366E1D17535D0032A925 /* ShellScript */,
			);
			buildRules = (
			);
			dependencies = (
			);
			name = pycm_sandbox_gl;
			productName = app;
			productReference = D60109FE1CB81B2100A3B426 /* pycm_sandbox_gl */;
			productType = "com.apple.product-type.tool";
		};
/* End PBXNativeTarget section */

/* Begin PBXProject section */
		D60109F61CB81B2100A3B426 /* Project object */ = {
			isa = PBXProject;
			attributes = {
				LastUpgradeCheck = 0620;
				ORGANIZATIONNAME = "Daniel Berio";
				TargetAttributes = {
					D60109FD1CB81B2100A3B426 = {
						CreatedOnToolsVersion = 6.2;
					};
				};
			};
			buildConfigurationList = D60109F91CB81B2100A3B426 /* Build configuration list for PBXProject "pycm_sandbox_gl" */;
			compatibilityVersion = "Xcode 3.2";
			developmentRegion = English;
			hasScannedForEncodings = 0;
			knownRegions = (
				en,
			);
			mainGroup = D60109F51CB81B2100A3B426;
			productRefGroup = D60109FF1CB81B2100A3B426 /* Products */;
			projectDirPath = "";
			projectRoot = "";
			targets = (
				D60109FD1CB81B2100A3B426 /* pycm_sandbox_gl */,
			);
		};
/* End PBXProject section */

/* Begin PBXShellScriptBuildPhase section */
		D69E366E1D17535D0032A925 /* ShellScript */ = {
			isa = PBXShellScriptBuildPhase;
			buildActionMask = 2147483647;
			files = (
			);
			inputPaths = (
			);
			outputPaths = (
			);
			runOnlyForDeploymentPostprocessing = 0;
			shellPath = /bin/sh;
			shellScript = "
";
		};
/* End PBXShellScriptBuildPhase section */

/* Begin PBXSourcesBuildPhase section */
		D60109FA1CB81B2100A3B426 /* Sources */ = {
			isa = PBXSourcesBuildPhase;
			buildActionMask = 2147483647;
			files = (
				D622391D1CB9681D0029BA45 /* main.cpp in Sources */,
				D6218AB31D142A1400481B0F /* pyrepl.cpp in Sources */,
				D6218ADB1D14680300481B0F /* app_wrap.cxx in Sources */,
			);
			runOnlyForDeploymentPostprocessing = 0;
		};
/* End PBXSourcesBuildPhase section */

/* Begin XCBuildConfiguration section */
		D6010A031CB81B2100A3B426 /* Debug */ = {
			isa = XCBuildConfiguration;
			buildSettings = {
				ALWAYS_SEARCH_USER_PATHS = NO;
				CLANG_CXX_LANGUAGE_STANDARD = "gnu++0x";
				CLANG_CXX_LIBRARY = "libc++";
				CLANG_ENABLE_MODULES = YES;
				CLANG_ENABLE_OBJC_ARC = YES;
				CLANG_WARN_BOOL_CONVERSION = YES;
				CLANG_WARN_CONSTANT_CONVERSION = YES;
				CLANG_WARN_DIRECT_OBJC_ISA_USAGE = YES_ERROR;
				CLANG_WARN_EMPTY_BODY = YES;
				CLANG_WARN_ENUM_CONVERSION = YES;
				CLANG_WARN_INT_CONVERSION = YES;
				CLANG_WARN_OBJC_ROOT_CLASS = YES_ERROR;
				CLANG_WARN_UNREACHABLE_CODE = YES;
				CLANG_WARN__DUPLICATE_METHOD_MATCH = YES;
				COPY_PHASE_STRIP = NO;
				ENABLE_STRICT_OBJC_MSGSEND = YES;
				GCC_C_LANGUAGE_STANDARD = gnu99;
				GCC_DYNAMIC_NO_PIC = NO;
				GCC_OPTIMIZATION_LEVEL = 0;
				GCC_PREPROCESSOR_DEFINITIONS = (
					"DEBUG=1",
					"$(inherited)",
				);
				GCC_SYMBOLS_PRIVATE_EXTERN = NO;
				GCC_WARN_64_TO_32_BIT_CONVERSION = YES;
				GCC_WARN_ABOUT_RETURN_TYPE = YES_ERROR;
				GCC_WARN_UNDECLARED_SELECTOR = YES;
				GCC_WARN_UNINITIALIZED_AUTOS = YES_AGGRESSIVE;
				GCC_WARN_UNUSED_FUNCTION = YES;
				GCC_WARN_UNUSED_VARIABLE = YES;
				MACOSX_DEPLOYMENT_TARGET = 10.10;
				MTL_ENABLE_DEBUG_INFO = YES;
				ONLY_ACTIVE_ARCH = YES;
				SDKROOT = macosx;
			};
			name = Debug;
		};
		D6010A041CB81B2100A3B426 /* Release */ = {
			isa = XCBuildConfiguration;
			buildSettings = {
				ALWAYS_SEARCH_USER_PATHS = NO;
				CLANG_CXX_LANGUAGE_STANDARD = "gnu++0x";
				CLANG_CXX_LIBRARY = "libc++";
				CLANG_ENABLE_MODULES = YES;
				CLANG_ENABLE_OBJC_ARC = YES;
				CLANG_WARN_BOOL_CONVERSION = YES;
				CLANG_WARN_CONSTANT_CONVERSION = YES;
				CLANG_WARN_DIRECT_OBJC_ISA_USAGE = YES_ERROR;
				CLANG_WARN_EMPTY_BODY = YES;
				CLANG_WARN_ENUM_CONVERSION = YES;
				CLANG_WARN_INT_CONVERSION = YES;
				CLANG_WARN_OBJC_ROOT_CLASS = YES_ERROR;
				CLANG_WARN_UNREACHABLE_CODE = YES;
				CLANG_WARN__DUPLICATE_METHOD_MATCH = YES;
				COPY_PHASE_STRIP = NO;
				DEBUG_INFORMATION_FORMAT = "dwarf-with-dsym";
				ENABLE_NS_ASSERTIONS = NO;
				ENABLE_STRICT_OBJC_MSGSEND = YES;
				GCC_C_LANGUAGE_STANDARD = gnu99;
				GCC_WARN_64_TO_32_BIT_CONVERSION = YES;
				GCC_WARN_ABOUT_RETURN_TYPE = YES_ERROR;
				GCC_WARN_UNDECLARED_SELECTOR = YES;
				GCC_WARN_UNINITIALIZED_AUTOS = YES_AGGRESSIVE;
				GCC_WARN_UNUSED_FUNCTION = YES;
				GCC_WARN_UNUSED_VARIABLE = YES;
				MACOSX_DEPLOYMENT_TARGET = 10.10;
				MTL_ENABLE_DEBUG_INFO = NO;
				SDKROOT = macosx;
			};
			name = Release;
		};
		D6010A061CB81B2100A3B426 /* Debug */ = {
			isa = XCBuildConfiguration;
			buildSettings = {
				CLANG_CXX_LANGUAGE_STANDARD = "c++0x";
				CONFIGURATION_BUILD_DIR = ./bin;
				CONFIGURATION_TEMP_DIR = build;
				DEBUG_INFORMATION_FORMAT = "dwarf-with-dsym";
				FRAMEWORK_SEARCH_PATHS = (
					"$(inherited)",
					/usr/local/Frameworks,
				);
				GCC_C_LANGUAGE_STANDARD = "compiler-default";
				GCC_PREPROCESSOR_DEFINITIONS = (
					"DEBUG=1",
					"$(inherited)",
					"SWIG_TYPE_TABLE=colormotor",
				);
				HEADER_SEARCH_PATHS = (
					"$(inherited)",
					/Applications/Xcode.app/Contents/Developer/Toolchains/XcodeDefault.xctoolchain/usr/include,
					"/usr/local/lib/python2.7/site-packages/numpy/core/include/",
					/usr/local/include,
					/usr/local/Frameworks/Python.framework/Headers,
				);
				LIBRARY_SEARCH_PATHS = (
					/usr/local/lib,
					/Users/colormotor/develop/autograff2/colormotor/libs/armadillo/lib/osx,
					/Users/colormotor/develop/autograff2/colormotor/libs/armadillo/lib/win32,
					/Users/colormotor/develop/autograff2/colormotor/addons/cmx_imgui_app/src/glfw3/lib/osx,
					../colormotor/addons/cmx_imgui_app/src/glfw3/lib/osx,
					../colormotor/addons/pycolormotor/modules,
					"$(PROJECT_DIR)/bin",
				);
				OTHER_LDFLAGS = (
					"-lopencv_core",
					"-lopencv_imgproc",
					"-lopencv_legacy",
					"-lopencv_highgui",
					"-larmadillo",
					"-llapack",
					"-lblas",
					"-lpycm",
					"-lglfw3",
				);
				PRODUCT_NAME = pycm_sandbox_gl;
				SYMROOT = build;
				USER_HEADER_SEARCH_PATHS = "../colormotor/addons/pycolormotor ../colormotor/addons/cmx_imgui_app/src ../colormotor/addons/cmx_params/src ../colormotor/src";
				VALID_ARCHS = x86_64;
			};
			name = Debug;
		};
		D6010A071CB81B2100A3B426 /* Release */ = {
			isa = XCBuildConfiguration;
			buildSettings = {
				CLANG_CXX_LANGUAGE_STANDARD = "c++0x";
				CONFIGURATION_BUILD_DIR = ./bin;
				CONFIGURATION_TEMP_DIR = build;
				FRAMEWORK_SEARCH_PATHS = (
					"$(inherited)",
					/usr/local/Frameworks,
				);
				GCC_C_LANGUAGE_STANDARD = "compiler-default";
				GCC_PREPROCESSOR_DEFINITIONS = "SWIG_TYPE_TABLE=colormotor";
				HEADER_SEARCH_PATHS = (
					"$(inherited)",
					/Applications/Xcode.app/Contents/Developer/Toolchains/XcodeDefault.xctoolchain/usr/include,
					"/usr/local/lib/python2.7/site-packages/numpy/core/include/",
					/usr/local/include,
					/usr/local/Frameworks/Python.framework/Headers,
				);
				LIBRARY_SEARCH_PATHS = (
					/usr/local/lib,
					/Users/colormotor/develop/autograff2/colormotor/libs/armadillo/lib/osx,
					/Users/colormotor/develop/autograff2/colormotor/libs/armadillo/lib/win32,
					/Users/colormotor/develop/autograff2/colormotor/addons/cmx_imgui_app/src/glfw3/lib/osx,
					../colormotor/addons/cmx_imgui_app/src/glfw3/lib/osx,
					../colormotor/addons/pycolormotor/modules,
					"$(PROJECT_DIR)/bin",
				);
				OTHER_LDFLAGS = (
					"-lopencv_core",
					"-lopencv_imgproc",
					"-lopencv_legacy",
					"-lopencv_highgui",
					"-larmadillo",
					"-llapack",
					"-lblas",
					"-lpycm",
					"-lglfw3",
				);
				PRODUCT_NAME = pycm_sandbox_gl;
				SYMROOT = build;
				USER_HEADER_SEARCH_PATHS = "../colormotor/addons/pycolormotor ../colormotor/addons/cmx_imgui_app/src ../colormotor/addons/cmx_params/src ../colormotor/src";
				VALID_ARCHS = x86_64;
			};
			name = Release;
		};
/* End XCBuildConfiguration section */

/* Begin XCConfigurationList section */
		D60109F91CB81B2100A3B426 /* Build configuration list for PBXProject "pycm_sandbox_gl" */ = {
			isa = XCConfigurationList;
			buildConfigurations = (
				D6010A031CB81B2100A3B426 /* Debug */,
				D6010A041CB81B2100A3B426 /* Release */,
			);
			defaultConfigurationIsVisible = 0;
			defaultConfigurationName = Release;
		};
		D6010A051CB81B2100A3B426 /* Build configuration list for PBXNativeTarget "pycm_sandbox_gl" */ = {
			isa = XCConfigurationList;
			buildConfigurations = (
				D6010A061CB81B2100A3B426 /* Debug */,
				D6010A071CB81B2100A3B426 /* Release */,
			);
			defaultConfigurationIsVisible = 0;
			defaultConfigurationName = Release;
		};
/* End XCConfigurationList section */
	};
	rootObject = D60109F61CB81B2100A3B426 /* Project object */;
}
